
Microsoft Visual Studio Solution File, Format Version 12.00
# Visual Studio Version 16
VisualStudioVersion = 16.0.30621.155
MinimumVisualStudioVersion = 10.0.40219.1
Project("{9A19103F-16F7-4668-BE54-9A1E7A4F7556}") = "RJCGrpcService", "RJCGrpcService.csproj", "{C226B3B8-F0E4-40EC-87D1-3A62B5BCF6D0}"
EndProject
Global
	GlobalSection(SolutionConfigurationPlatforms) = preSolution
		Debug|Any CPU = Debug|Any CPU
		Release|Any CPU = Release|Any CPU
	EndGlobalSection
	GlobalSection(ProjectConfigurationPlatforms) = postSolution
		{C226B3B8-F0E4-40EC-87D1-3A62B5BCF6D0}.Debug|Any CPU.ActiveCfg = Debug|Any CPU
		{C226B3B8-F0E4-40EC-87D1-3A62B5BCF6D0}.Debug|Any CPU.Build.0 = Debug|Any CPU
		{C226B3B8-F0E4-40EC-87D1-3A62B5BCF6D0}.Release|Any CPU.ActiveCfg = Release|Any CPU
		{C226B3B8-F0E4-40EC-87D1-3A62B5BCF6D0}.Release|Any CPU.Build.0 = Release|Any CPU
	EndGlobalSection
	GlobalSection(SolutionProperties) = preSolution
		HideSolutionNode = FALSE
	EndGlobalSection
	GlobalSection(ExtensibilityGlobals) = postSolution
		SolutionGuid = {380E354C-73C1-42A6-906F-711455439485}
	EndGlobalSection
EndGlobal
